// !$*UTF8*$!
{
	archiveVersion = 1;
	classes = {
	};
	objectVersion = 56;
	objects = {

/* Begin PBXBuildFile section */
		1834AFEE292631E80043631C /* AppDelegate.m in Sources */ = {isa = PBXBuildFile; fileRef = 1834AFED292631E80043631C /* AppDelegate.m */; };
		1834AFF9292631EA0043631C /* Assets.xcassets in Resources */ = {isa = PBXBuildFile; fileRef = 1834AFF8292631EA0043631C /* Assets.xcassets */; };
		1834AFFC292631EA0043631C /* LaunchScreen.storyboard in Resources */ = {isa = PBXBuildFile; fileRef = 1834AFFA292631EA0043631C /* LaunchScreen.storyboard */; };
		1834AFFF292631EA0043631C /* main.m in Sources */ = {isa = PBXBuildFile; fileRef = 1834AFFE292631EA0043631C /* main.m */; };
		1834B008292632840043631C /* TIMHomeViewController.m in Sources */ = {isa = PBXBuildFile; fileRef = 1834B007292632840043631C /* TIMHomeViewController.m */; };
		1845E9132927837200370C15 /* TIMMessageViewController.m in Sources */ = {isa = PBXBuildFile; fileRef = 1845E9122927837200370C15 /* TIMMessageViewController.m */; };
		185D7F71292CA8960021FD15 /* TIMTabbarController.m in Sources */ = {isa = PBXBuildFile; fileRef = 185D7F70292CA8960021FD15 /* TIMTabbarController.m */; };
		185D7F74292CAF850021FD15 /* TIMNavigationController.m in Sources */ = {isa = PBXBuildFile; fileRef = 185D7F73292CAF850021FD15 /* TIMNavigationController.m */; };
		18705AB8292B698B00AA1116 /* UIButton+TIM.m in Sources */ = {isa = PBXBuildFile; fileRef = 18705AB7292B698B00AA1116 /* UIButton+TIM.m */; };
		18705AB9292B69CC00AA1116 /* TUIFoldListViewController.m in Sources */ = {isa = PBXBuildFile; fileRef = 189AE70C29278F350095466B /* TUIFoldListViewController.m */; };
		187C8FA329272665006E2389 /* TIMBaseViewController.m in Sources */ = {isa = PBXBuildFile; fileRef = 187C8FA229272665006E2389 /* TIMBaseViewController.m */; };
		187C8FA7292726B7006E2389 /* TIMContactViewController.m in Sources */ = {isa = PBXBuildFile; fileRef = 187C8FA6292726B7006E2389 /* TIMContactViewController.m */; };
		187C8FAB292728EA006E2389 /* TIMFriendDynamicsViewController.m in Sources */ = {isa = PBXBuildFile; fileRef = 187C8FAA292728EA006E2389 /* TIMFriendDynamicsViewController.m */; };
		187C8FB02927303A006E2389 /* TIMLoginViewController.m in Sources */ = {isa = PBXBuildFile; fileRef = 187C8FAF2927303A006E2389 /* TIMLoginViewController.m */; };
		187C8FB7292738C2006E2389 /* TIMManager.m in Sources */ = {isa = PBXBuildFile; fileRef = 187C8FB6292738C2006E2389 /* TIMManager.m */; };
		18AB33792928AFA700B79491 /* TIMC2CChatViewController.m in Sources */ = {isa = PBXBuildFile; fileRef = 18AB33782928AFA700B79491 /* TIMC2CChatViewController.m */; };
		18AB337C2928E05100B79491 /* TIMBaseChatViewController.m in Sources */ = {isa = PBXBuildFile; fileRef = 18AB337B2928E05100B79491 /* TIMBaseChatViewController.m */; };
		18AB337F2928E0A100B79491 /* TIMGroupChatViewController.m in Sources */ = {isa = PBXBuildFile; fileRef = 18AB337E2928E0A100B79491 /* TIMGroupChatViewController.m */; };
		18AF6168292BA48700B9DF69 /* NotificationService.m in Sources */ = {isa = PBXBuildFile; fileRef = 18AF6167292BA48700B9DF69 /* NotificationService.m */; };
		18AF616C292BA48700B9DF69 /* PushService.appex in Embed Foundation Extensions */ = {isa = PBXBuildFile; fileRef = 18AF6164292BA48700B9DF69 /* PushService.appex */; settings = {ATTRIBUTES = (RemoveHeadersOnCopy, ); }; };
		D8624C0DAE22C17C07D2BBF2 /* Pods_TencentIMDemo.framework in Frameworks */ = {isa = PBXBuildFile; fileRef = 076D56847EC7E76B27FD1884 /* Pods_TencentIMDemo.framework */; };
/* End PBXBuildFile section */

/* Begin PBXContainerItemProxy section */
		18AF616A292BA48700B9DF69 /* PBXContainerItemProxy */ = {
			isa = PBXContainerItemProxy;
			containerPortal = 1834AFE1292631E80043631C /* Project object */;
			proxyType = 1;
			remoteGlobalIDString = 18AF6163292BA48700B9DF69;
			remoteInfo = PushService;
		};
/* End PBXContainerItemProxy section */

/* Begin PBXCopyFilesBuildPhase section */
		18AF616D292BA48700B9DF69 /* Embed Foundation Extensions */ = {
			isa = PBXCopyFilesBuildPhase;
			buildActionMask = 2147483647;
			dstPath = "";
			dstSubfolderSpec = 13;
			files = (
				18AF616C292BA48700B9DF69 /* PushService.appex in Embed Foundation Extensions */,
			);
			name = "Embed Foundation Extensions";
			runOnlyForDeploymentPostprocessing = 0;
		};
/* End PBXCopyFilesBuildPhase section */

/* Begin PBXFileReference section */
		076D56847EC7E76B27FD1884 /* Pods_TencentIMDemo.framework */ = {isa = PBXFileReference; explicitFileType = wrapper.framework; includeInIndex = 0; path = Pods_TencentIMDemo.framework; sourceTree = BUILT_PRODUCTS_DIR; };
		182C9BB1292B8DE500F61FC1 /* TencentIMDemo.entitlements */ = {isa = PBXFileReference; lastKnownFileType = text.plist.entitlements; path = TencentIMDemo.entitlements; sourceTree = "<group>"; };
		1834AFE9292631E80043631C /* TencentIMDemo.app */ = {isa = PBXFileReference; explicitFileType = wrapper.application; includeInIndex = 0; path = TencentIMDemo.app; sourceTree = BUILT_PRODUCTS_DIR; };
		1834AFEC292631E80043631C /* AppDelegate.h */ = {isa = PBXFileReference; lastKnownFileType = sourcecode.c.h; path = AppDelegate.h; sourceTree = "<group>"; };
		1834AFED292631E80043631C /* AppDelegate.m */ = {isa = PBXFileReference; lastKnownFileType = sourcecode.c.objc; path = AppDelegate.m; sourceTree = "<group>"; };
		1834AFF8292631EA0043631C /* Assets.xcassets */ = {isa = PBXFileReference; lastKnownFileType = folder.assetcatalog; path = Assets.xcassets; sourceTree = "<group>"; };
		1834AFFB292631EA0043631C /* Base */ = {isa = PBXFileReference; lastKnownFileType = file.storyboard; name = Base; path = Base.lproj/LaunchScreen.storyboard; sourceTree = "<group>"; };
		1834AFFD292631EA0043631C /* Info.plist */ = {isa = PBXFileReference; lastKnownFileType = text.plist.xml; path = Info.plist; sourceTree = "<group>"; };
		1834AFFE292631EA0043631C /* main.m */ = {isa = PBXFileReference; lastKnownFileType = sourcecode.c.objc; path = main.m; sourceTree = "<group>"; };
		1834B006292632840043631C /* TIMHomeViewController.h */ = {isa = PBXFileReference; lastKnownFileType = sourcecode.c.h; path = TIMHomeViewController.h; sourceTree = "<group>"; };
		1834B007292632840043631C /* TIMHomeViewController.m */ = {isa = PBXFileReference; lastKnownFileType = sourcecode.c.objc; path = TIMHomeViewController.m; sourceTree = "<group>"; };
		1845E9112927837200370C15 /* TIMMessageViewController.h */ = {isa = PBXFileReference; lastKnownFileType = sourcecode.c.h; path = TIMMessageViewController.h; sourceTree = "<group>"; };
		1845E9122927837200370C15 /* TIMMessageViewController.m */ = {isa = PBXFileReference; lastKnownFileType = sourcecode.c.objc; path = TIMMessageViewController.m; sourceTree = "<group>"; };
		185D7F6F292CA8960021FD15 /* TIMTabbarController.h */ = {isa = PBXFileReference; lastKnownFileType = sourcecode.c.h; path = TIMTabbarController.h; sourceTree = "<group>"; };
		185D7F70292CA8960021FD15 /* TIMTabbarController.m */ = {isa = PBXFileReference; lastKnownFileType = sourcecode.c.objc; path = TIMTabbarController.m; sourceTree = "<group>"; };
		185D7F72292CAF850021FD15 /* TIMNavigationController.h */ = {isa = PBXFileReference; lastKnownFileType = sourcecode.c.h; path = TIMNavigationController.h; sourceTree = "<group>"; };
		185D7F73292CAF850021FD15 /* TIMNavigationController.m */ = {isa = PBXFileReference; lastKnownFileType = sourcecode.c.objc; path = TIMNavigationController.m; sourceTree = "<group>"; };
		18705AB6292B698B00AA1116 /* UIButton+TIM.h */ = {isa = PBXFileReference; lastKnownFileType = sourcecode.c.h; path = "UIButton+TIM.h"; sourceTree = "<group>"; };
		18705AB7292B698B00AA1116 /* UIButton+TIM.m */ = {isa = PBXFileReference; lastKnownFileType = sourcecode.c.objc; path = "UIButton+TIM.m"; sourceTree = "<group>"; };
		18705ABA292B6A0700AA1116 /* TIMPrefixHeader.pch */ = {isa = PBXFileReference; lastKnownFileType = sourcecode.c.h; path = TIMPrefixHeader.pch; sourceTree = "<group>"; };
		187C8FA129272665006E2389 /* TIMBaseViewController.h */ = {isa = PBXFileReference; lastKnownFileType = sourcecode.c.h; path = TIMBaseViewController.h; sourceTree = "<group>"; };
		187C8FA229272665006E2389 /* TIMBaseViewController.m */ = {isa = PBXFileReference; lastKnownFileType = sourcecode.c.objc; path = TIMBaseViewController.m; sourceTree = "<group>"; };
		187C8FA5292726B7006E2389 /* TIMContactViewController.h */ = {isa = PBXFileReference; lastKnownFileType = sourcecode.c.h; path = TIMContactViewController.h; sourceTree = "<group>"; };
		187C8FA6292726B7006E2389 /* TIMContactViewController.m */ = {isa = PBXFileReference; lastKnownFileType = sourcecode.c.objc; path = TIMContactViewController.m; sourceTree = "<group>"; };
		187C8FA9292728EA006E2389 /* TIMFriendDynamicsViewController.h */ = {isa = PBXFileReference; lastKnownFileType = sourcecode.c.h; path = TIMFriendDynamicsViewController.h; sourceTree = "<group>"; };
		187C8FAA292728EA006E2389 /* TIMFriendDynamicsViewController.m */ = {isa = PBXFileReference; lastKnownFileType = sourcecode.c.objc; path = TIMFriendDynamicsViewController.m; sourceTree = "<group>"; };
		187C8FAE2927303A006E2389 /* TIMLoginViewController.h */ = {isa = PBXFileReference; lastKnownFileType = sourcecode.c.h; path = TIMLoginViewController.h; sourceTree = "<group>"; };
		187C8FAF2927303A006E2389 /* TIMLoginViewController.m */ = {isa = PBXFileReference; lastKnownFileType = sourcecode.c.objc; path = TIMLoginViewController.m; sourceTree = "<group>"; };
		187C8FB5292738C2006E2389 /* TIMManager.h */ = {isa = PBXFileReference; lastKnownFileType = sourcecode.c.h; path = TIMManager.h; sourceTree = "<group>"; };
		187C8FB6292738C2006E2389 /* TIMManager.m */ = {isa = PBXFileReference; lastKnownFileType = sourcecode.c.objc; path = TIMManager.m; sourceTree = "<group>"; };
		189AE70B29278F350095466B /* TUIFoldListViewController.h */ = {isa = PBXFileReference; fileEncoding = 4; lastKnownFileType = sourcecode.c.h; path = TUIFoldListViewController.h; sourceTree = "<group>"; };
		189AE70C29278F350095466B /* TUIFoldListViewController.m */ = {isa = PBXFileReference; fileEncoding = 4; lastKnownFileType = sourcecode.c.objc; path = TUIFoldListViewController.m; sourceTree = "<group>"; };
		18AB33772928AFA700B79491 /* TIMC2CChatViewController.h */ = {isa = PBXFileReference; lastKnownFileType = sourcecode.c.h; path = TIMC2CChatViewController.h; sourceTree = "<group>"; };
		18AB33782928AFA700B79491 /* TIMC2CChatViewController.m */ = {isa = PBXFileReference; lastKnownFileType = sourcecode.c.objc; path = TIMC2CChatViewController.m; sourceTree = "<group>"; };
		18AB337A2928E05100B79491 /* TIMBaseChatViewController.h */ = {isa = PBXFileReference; lastKnownFileType = sourcecode.c.h; path = TIMBaseChatViewController.h; sourceTree = "<group>"; };
		18AB337B2928E05100B79491 /* TIMBaseChatViewController.m */ = {isa = PBXFileReference; lastKnownFileType = sourcecode.c.objc; path = TIMBaseChatViewController.m; sourceTree = "<group>"; };
		18AB337D2928E0A100B79491 /* TIMGroupChatViewController.h */ = {isa = PBXFileReference; lastKnownFileType = sourcecode.c.h; path = TIMGroupChatViewController.h; sourceTree = "<group>"; };
		18AB337E2928E0A100B79491 /* TIMGroupChatViewController.m */ = {isa = PBXFileReference; lastKnownFileType = sourcecode.c.objc; path = TIMGroupChatViewController.m; sourceTree = "<group>"; };
		18AF6164292BA48700B9DF69 /* PushService.appex */ = {isa = PBXFileReference; explicitFileType = "wrapper.app-extension"; includeInIndex = 0; path = PushService.appex; sourceTree = BUILT_PRODUCTS_DIR; };
		18AF6166292BA48700B9DF69 /* NotificationService.h */ = {isa = PBXFileReference; lastKnownFileType = sourcecode.c.h; path = NotificationService.h; sourceTree = "<group>"; };
		18AF6167292BA48700B9DF69 /* NotificationService.m */ = {isa = PBXFileReference; lastKnownFileType = sourcecode.c.objc; path = NotificationService.m; sourceTree = "<group>"; };
		18AF6169292BA48700B9DF69 /* Info.plist */ = {isa = PBXFileReference; lastKnownFileType = text.plist.xml; path = Info.plist; sourceTree = "<group>"; };
		1FC6BAD52A53885C7B3C8A4B /* Pods-TencentIMDemo.debug.xcconfig */ = {isa = PBXFileReference; includeInIndex = 1; lastKnownFileType = text.xcconfig; name = "Pods-TencentIMDemo.debug.xcconfig"; path = "Target Support Files/Pods-TencentIMDemo/Pods-TencentIMDemo.debug.xcconfig"; sourceTree = "<group>"; };
		C7627AA7DFD7A2181149F6E5 /* Pods-TencentIMDemo.release.xcconfig */ = {isa = PBXFileReference; includeInIndex = 1; lastKnownFileType = text.xcconfig; name = "Pods-TencentIMDemo.release.xcconfig"; path = "Target Support Files/Pods-TencentIMDemo/Pods-TencentIMDemo.release.xcconfig"; sourceTree = "<group>"; };
/* End PBXFileReference section */

/* Begin PBXFrameworksBuildPhase section */
		1834AFE6292631E80043631C /* Frameworks */ = {
			isa = PBXFrameworksBuildPhase;
			buildActionMask = 2147483647;
			files = (
				D8624C0DAE22C17C07D2BBF2 /* Pods_TencentIMDemo.framework in Frameworks */,
			);
			runOnlyForDeploymentPostprocessing = 0;
		};
		18AF6161292BA48700B9DF69 /* Frameworks */ = {
			isa = PBXFrameworksBuildPhase;
			buildActionMask = 2147483647;
			files = (
			);
			runOnlyForDeploymentPostprocessing = 0;
		};
/* End PBXFrameworksBuildPhase section */

/* Begin PBXGroup section */
		1834AFE0292631E80043631C = {
			isa = PBXGroup;
			children = (
				1834AFEB292631E80043631C /* TencentIMDemo */,
				18AF6165292BA48700B9DF69 /* PushService */,
				1834AFEA292631E80043631C /* Products */,
				34E23BE2BD3DF9C21F257CDF /* Pods */,
				30C5FDFF6A82120BC7ACCCFB /* Frameworks */,
			);
			sourceTree = "<group>";
		};
		1834AFEA292631E80043631C /* Products */ = {
			isa = PBXGroup;
			children = (
				1834AFE9292631E80043631C /* TencentIMDemo.app */,
				18AF6164292BA48700B9DF69 /* PushService.appex */,
			);
			name = Products;
			sourceTree = "<group>";
		};
		1834AFEB292631E80043631C /* TencentIMDemo */ = {
			isa = PBXGroup;
			children = (
				182C9BB1292B8DE500F61FC1 /* TencentIMDemo.entitlements */,
				187C8FB329273897006E2389 /* TIM */,
				1834AFEC292631E80043631C /* AppDelegate.h */,
				1834AFED292631E80043631C /* AppDelegate.m */,
				1834AFF8292631EA0043631C /* Assets.xcassets */,
				1834AFFA292631EA0043631C /* LaunchScreen.storyboard */,
				1834AFFD292631EA0043631C /* Info.plist */,
				1834AFFE292631EA0043631C /* main.m */,
				18705ABA292B6A0700AA1116 /* TIMPrefixHeader.pch */,
			);
			path = TencentIMDemo;
			sourceTree = "<group>";
		};
		1834B005292632680043631C /* HOME */ = {
			isa = PBXGroup;
			children = (
				1834B006292632840043631C /* TIMHomeViewController.h */,
				1834B007292632840043631C /* TIMHomeViewController.m */,
			);
			path = HOME;
			sourceTree = "<group>";
		};
		1845E9102927835A00370C15 /* Message */ = {
			isa = PBXGroup;
			children = (
				189AE70B29278F350095466B /* TUIFoldListViewController.h */,
				189AE70C29278F350095466B /* TUIFoldListViewController.m */,
				1845E9112927837200370C15 /* TIMMessageViewController.h */,
				1845E9122927837200370C15 /* TIMMessageViewController.m */,
			);
			path = Message;
			sourceTree = "<group>";
		};
		185D7F75292CAFD10021FD15 /* Navigation */ = {
			isa = PBXGroup;
			children = (
				185D7F72292CAF850021FD15 /* TIMNavigationController.h */,
				185D7F73292CAF850021FD15 /* TIMNavigationController.m */,
				185D7F6F292CA8960021FD15 /* TIMTabbarController.h */,
				185D7F70292CA8960021FD15 /* TIMTabbarController.m */,
			);
			path = Navigation;
			sourceTree = "<group>";
		};
		18705AB5292B696000AA1116 /* Extension */ = {
			isa = PBXGroup;
			children = (
				18705AB6292B698B00AA1116 /* UIButton+TIM.h */,
				18705AB7292B698B00AA1116 /* UIButton+TIM.m */,
			);
			path = Extension;
			sourceTree = "<group>";
		};
		187C8F9A29272480006E2389 /* UI */ = {
			isa = PBXGroup;
			children = (
				187C8FA029272655006E2389 /* Base */,
				18AB33762928AF8E00B79491 /* Chat */,
				187C8FA42927269A006E2389 /* Contact */,
				187C8FA8292728AE006E2389 /* FriendDynamics */,
				1834B005292632680043631C /* HOME */,
				187C8FAD2927300F006E2389 /* Login */,
				1845E9102927835A00370C15 /* Message */,
				185D7F75292CAFD10021FD15 /* Navigation */,
			);
			path = UI;
			sourceTree = "<group>";
		};
		187C8FA029272655006E2389 /* Base */ = {
			isa = PBXGroup;
			children = (
				187C8FA129272665006E2389 /* TIMBaseViewController.h */,
				187C8FA229272665006E2389 /* TIMBaseViewController.m */,
			);
			path = Base;
			sourceTree = "<group>";
		};
		187C8FA42927269A006E2389 /* Contact */ = {
			isa = PBXGroup;
			children = (
				187C8FA5292726B7006E2389 /* TIMContactViewController.h */,
				187C8FA6292726B7006E2389 /* TIMContactViewController.m */,
			);
			path = Contact;
			sourceTree = "<group>";
		};
		187C8FA8292728AE006E2389 /* FriendDynamics */ = {
			isa = PBXGroup;
			children = (
				187C8FA9292728EA006E2389 /* TIMFriendDynamicsViewController.h */,
				187C8FAA292728EA006E2389 /* TIMFriendDynamicsViewController.m */,
			);
			path = FriendDynamics;
			sourceTree = "<group>";
		};
		187C8FAD2927300F006E2389 /* Login */ = {
			isa = PBXGroup;
			children = (
				187C8FAE2927303A006E2389 /* TIMLoginViewController.h */,
				187C8FAF2927303A006E2389 /* TIMLoginViewController.m */,
			);
			path = Login;
			sourceTree = "<group>";
		};
		187C8FB329273897006E2389 /* TIM */ = {
			isa = PBXGroup;
			children = (
				18705AB5292B696000AA1116 /* Extension */,
				187C8FB4292738A9006E2389 /* TIMManager */,
				187C8F9A29272480006E2389 /* UI */,
			);
			path = TIM;
			sourceTree = "<group>";
		};
		187C8FB4292738A9006E2389 /* TIMManager */ = {
			isa = PBXGroup;
			children = (
				187C8FB5292738C2006E2389 /* TIMManager.h */,
				187C8FB6292738C2006E2389 /* TIMManager.m */,
			);
			path = TIMManager;
			sourceTree = "<group>";
		};
		18AB33762928AF8E00B79491 /* Chat */ = {
			isa = PBXGroup;
			children = (
				18AB337A2928E05100B79491 /* TIMBaseChatViewController.h */,
				18AB337B2928E05100B79491 /* TIMBaseChatViewController.m */,
				18AB33772928AFA700B79491 /* TIMC2CChatViewController.h */,
				18AB33782928AFA700B79491 /* TIMC2CChatViewController.m */,
				18AB337D2928E0A100B79491 /* TIMGroupChatViewController.h */,
				18AB337E2928E0A100B79491 /* TIMGroupChatViewController.m */,
			);
			path = Chat;
			sourceTree = "<group>";
		};
		18AF6165292BA48700B9DF69 /* PushService */ = {
			isa = PBXGroup;
			children = (
				18AF6166292BA48700B9DF69 /* NotificationService.h */,
				18AF6167292BA48700B9DF69 /* NotificationService.m */,
				18AF6169292BA48700B9DF69 /* Info.plist */,
			);
			path = PushService;
			sourceTree = "<group>";
		};
		30C5FDFF6A82120BC7ACCCFB /* Frameworks */ = {
			isa = PBXGroup;
			children = (
				076D56847EC7E76B27FD1884 /* Pods_TencentIMDemo.framework */,
			);
			name = Frameworks;
			sourceTree = "<group>";
		};
		34E23BE2BD3DF9C21F257CDF /* Pods */ = {
			isa = PBXGroup;
			children = (
				1FC6BAD52A53885C7B3C8A4B /* Pods-TencentIMDemo.debug.xcconfig */,
				C7627AA7DFD7A2181149F6E5 /* Pods-TencentIMDemo.release.xcconfig */,
			);
			path = Pods;
			sourceTree = "<group>";
		};
/* End PBXGroup section */

/* Begin PBXNativeTarget section */
		1834AFE8292631E80043631C /* TencentIMDemo */ = {
			isa = PBXNativeTarget;
			buildConfigurationList = 1834B002292631EA0043631C /* Build configuration list for PBXNativeTarget "TencentIMDemo" */;
			buildPhases = (
				8F3D9F24E89F049414EB00DE /* [CP] Check Pods Manifest.lock */,
				1834AFE5292631E80043631C /* Sources */,
				1834AFE6292631E80043631C /* Frameworks */,
				1834AFE7292631E80043631C /* Resources */,
				620697FCECBC369263AD1A5A /* [CP] Embed Pods Frameworks */,
				18AF616D292BA48700B9DF69 /* Embed Foundation Extensions */,
				93939F3CA88DD8DD9DAA1EED /* [CP] Copy Pods Resources */,
			);
			buildRules = (
			);
			dependencies = (
				18AF616B292BA48700B9DF69 /* PBXTargetDependency */,
			);
			name = TencentIMDemo;
			productName = TencentIMDemo;
			productReference = 1834AFE9292631E80043631C /* TencentIMDemo.app */;
			productType = "com.apple.product-type.application";
		};
		18AF6163292BA48700B9DF69 /* PushService */ = {
			isa = PBXNativeTarget;
			buildConfigurationList = 18AF6170292BA48700B9DF69 /* Build configuration list for PBXNativeTarget "PushService" */;
			buildPhases = (
				18AF6160292BA48700B9DF69 /* Sources */,
				18AF6161292BA48700B9DF69 /* Frameworks */,
				18AF6162292BA48700B9DF69 /* Resources */,
			);
			buildRules = (
			);
			dependencies = (
			);
			name = PushService;
			productName = PushService;
			productReference = 18AF6164292BA48700B9DF69 /* PushService.appex */;
			productType = "com.apple.product-type.app-extension";
		};
/* End PBXNativeTarget section */

/* Begin PBXProject section */
		1834AFE1292631E80043631C /* Project object */ = {
			isa = PBXProject;
			attributes = {
				BuildIndependentTargetsInParallel = 1;
				LastUpgradeCheck = 1400;
				ORGANIZATIONNAME = sauronpi;
				TargetAttributes = {
					1834AFE8292631E80043631C = {
						CreatedOnToolsVersion = 14.0.1;
					};
					18AF6163292BA48700B9DF69 = {
						CreatedOnToolsVersion = 14.0.1;
					};
				};
			};
			buildConfigurationList = 1834AFE4292631E80043631C /* Build configuration list for PBXProject "TencentIMDemo" */;
			compatibilityVersion = "Xcode 14.0";
			developmentRegion = en;
			hasScannedForEncodings = 0;
			knownRegions = (
				en,
				Base,
			);
			mainGroup = 1834AFE0292631E80043631C;
			productRefGroup = 1834AFEA292631E80043631C /* Products */;
			projectDirPath = "";
			projectRoot = "";
			targets = (
				1834AFE8292631E80043631C /* TencentIMDemo */,
				18AF6163292BA48700B9DF69 /* PushService */,
			);
		};
/* End PBXProject section */

/* Begin PBXResourcesBuildPhase section */
		1834AFE7292631E80043631C /* Resources */ = {
			isa = PBXResourcesBuildPhase;
			buildActionMask = 2147483647;
			files = (
				1834AFFC292631EA0043631C /* LaunchScreen.storyboard in Resources */,
				1834AFF9292631EA0043631C /* Assets.xcassets in Resources */,
			);
			runOnlyForDeploymentPostprocessing = 0;
		};
		18AF6162292BA48700B9DF69 /* Resources */ = {
			isa = PBXResourcesBuildPhase;
			buildActionMask = 2147483647;
			files = (
			);
			runOnlyForDeploymentPostprocessing = 0;
		};
/* End PBXResourcesBuildPhase section */

/* Begin PBXShellScriptBuildPhase section */
		620697FCECBC369263AD1A5A /* [CP] Embed Pods Frameworks */ = {
			isa = PBXShellScriptBuildPhase;
			buildActionMask = 2147483647;
			files = (
			);
			inputFileListPaths = (
				"${PODS_ROOT}/Target Support Files/Pods-TencentIMDemo/Pods-TencentIMDemo-frameworks-${CONFIGURATION}-input-files.xcfilelist",
			);
			name = "[CP] Embed Pods Frameworks";
			outputFileListPaths = (
				"${PODS_ROOT}/Target Support Files/Pods-TencentIMDemo/Pods-TencentIMDemo-frameworks-${CONFIGURATION}-output-files.xcfilelist",
			);
			runOnlyForDeploymentPostprocessing = 0;
			shellPath = /bin/sh;
			shellScript = "\"${PODS_ROOT}/Target Support Files/Pods-TencentIMDemo/Pods-TencentIMDemo-frameworks.sh\"\n";
			showEnvVarsInLog = 0;
		};
		8F3D9F24E89F049414EB00DE /* [CP] Check Pods Manifest.lock */ = {
			isa = PBXShellScriptBuildPhase;
			buildActionMask = 2147483647;
			files = (
			);
			inputFileListPaths = (
			);
			inputPaths = (
				"${PODS_PODFILE_DIR_PATH}/Podfile.lock",
				"${PODS_ROOT}/Manifest.lock",
			);
			name = "[CP] Check Pods Manifest.lock";
			outputFileListPaths = (
			);
			outputPaths = (
				"$(DERIVED_FILE_DIR)/Pods-TencentIMDemo-checkManifestLockResult.txt",
			);
			runOnlyForDeploymentPostprocessing = 0;
			shellPath = /bin/sh;
			shellScript = "diff \"${PODS_PODFILE_DIR_PATH}/Podfile.lock\" \"${PODS_ROOT}/Manifest.lock\" > /dev/null\nif [ $? != 0 ] ; then\n    # print error to STDERR\n    echo \"error: The sandbox is not in sync with the Podfile.lock. Run 'pod install' or update your CocoaPods installation.\" >&2\n    exit 1\nfi\n# This output is used by Xcode 'outputs' to avoid re-running this script phase.\necho \"SUCCESS\" > \"${SCRIPT_OUTPUT_FILE_0}\"\n";
			showEnvVarsInLog = 0;
		};
		93939F3CA88DD8DD9DAA1EED /* [CP] Copy Pods Resources */ = {
			isa = PBXShellScriptBuildPhase;
			buildActionMask = 2147483647;
			files = (
			);
			inputFileListPaths = (
				"${PODS_ROOT}/Target Support Files/Pods-TencentIMDemo/Pods-TencentIMDemo-resources-${CONFIGURATION}-input-files.xcfilelist",
			);
			name = "[CP] Copy Pods Resources";
			outputFileListPaths = (
				"${PODS_ROOT}/Target Support Files/Pods-TencentIMDemo/Pods-TencentIMDemo-resources-${CONFIGURATION}-output-files.xcfilelist",
			);
			runOnlyForDeploymentPostprocessing = 0;
			shellPath = /bin/sh;
			shellScript = "\"${PODS_ROOT}/Target Support Files/Pods-TencentIMDemo/Pods-TencentIMDemo-resources.sh\"\n";
			showEnvVarsInLog = 0;
		};
/* End PBXShellScriptBuildPhase section */

/* Begin PBXSourcesBuildPhase section */
		1834AFE5292631E80043631C /* Sources */ = {
			isa = PBXSourcesBuildPhase;
			buildActionMask = 2147483647;
			files = (
				185D7F71292CA8960021FD15 /* TIMTabbarController.m in Sources */,
				185D7F74292CAF850021FD15 /* TIMNavigationController.m in Sources */,
				187C8FA7292726B7006E2389 /* TIMContactViewController.m in Sources */,
				1834AFEE292631E80043631C /* AppDelegate.m in Sources */,
				1834AFFF292631EA0043631C /* main.m in Sources */,
				18AB337F2928E0A100B79491 /* TIMGroupChatViewController.m in Sources */,
				187C8FAB292728EA006E2389 /* TIMFriendDynamicsViewController.m in Sources */,
				18705AB8292B698B00AA1116 /* UIButton+TIM.m in Sources */,
				1834B008292632840043631C /* TIMHomeViewController.m in Sources */,
				18AB337C2928E05100B79491 /* TIMBaseChatViewController.m in Sources */,
				18705AB9292B69CC00AA1116 /* TUIFoldListViewController.m in Sources */,
				18AB33792928AFA700B79491 /* TIMC2CChatViewController.m in Sources */,
				187C8FB02927303A006E2389 /* TIMLoginViewController.m in Sources */,
				187C8FA329272665006E2389 /* TIMBaseViewController.m in Sources */,
				1845E9132927837200370C15 /* TIMMessageViewController.m in Sources */,
				187C8FB7292738C2006E2389 /* TIMManager.m in Sources */,
			);
			runOnlyForDeploymentPostprocessing = 0;
		};
		18AF6160292BA48700B9DF69 /* Sources */ = {
			isa = PBXSourcesBuildPhase;
			buildActionMask = 2147483647;
			files = (
				18AF6168292BA48700B9DF69 /* NotificationService.m in Sources */,
			);
			runOnlyForDeploymentPostprocessing = 0;
		};
/* End PBXSourcesBuildPhase section */

/* Begin PBXTargetDependency section */
		18AF616B292BA48700B9DF69 /* PBXTargetDependency */ = {
			isa = PBXTargetDependency;
			target = 18AF6163292BA48700B9DF69 /* PushService */;
			targetProxy = 18AF616A292BA48700B9DF69 /* PBXContainerItemProxy */;
		};
/* End PBXTargetDependency section */

/* Begin PBXVariantGroup section */
		1834AFFA292631EA0043631C /* LaunchScreen.storyboard */ = {
			isa = PBXVariantGroup;
			children = (
				1834AFFB292631EA0043631C /* Base */,
			);
			name = LaunchScreen.storyboard;
			sourceTree = "<group>";
		};
/* End PBXVariantGroup section */

/* Begin XCBuildConfiguration section */
		1834B000292631EA0043631C /* Debug */ = {
			isa = XCBuildConfiguration;
			buildSettings = {
				ALWAYS_SEARCH_USER_PATHS = NO;
				CLANG_ANALYZER_NONNULL = YES;
				CLANG_ANALYZER_NUMBER_OBJECT_CONVERSION = YES_AGGRESSIVE;
				CLANG_CXX_LANGUAGE_STANDARD = "gnu++20";
				CLANG_ENABLE_MODULES = YES;
				CLANG_ENABLE_OBJC_ARC = YES;
				CLANG_ENABLE_OBJC_WEAK = YES;
				CLANG_WARN_BLOCK_CAPTURE_AUTORELEASING = YES;
				CLANG_WARN_BOOL_CONVERSION = YES;
				CLANG_WARN_COMMA = YES;
				CLANG_WARN_CONSTANT_CONVERSION = YES;
				CLANG_WARN_DEPRECATED_OBJC_IMPLEMENTATIONS = YES;
				CLANG_WARN_DIRECT_OBJC_ISA_USAGE = YES_ERROR;
				CLANG_WARN_DOCUMENTATION_COMMENTS = YES;
				CLANG_WARN_EMPTY_BODY = YES;
				CLANG_WARN_ENUM_CONVERSION = YES;
				CLANG_WARN_INFINITE_RECURSION = YES;
				CLANG_WARN_INT_CONVERSION = YES;
				CLANG_WARN_NON_LITERAL_NULL_CONVERSION = YES;
				CLANG_WARN_OBJC_IMPLICIT_RETAIN_SELF = YES;
				CLANG_WARN_OBJC_LITERAL_CONVERSION = YES;
				CLANG_WARN_OBJC_ROOT_CLASS = YES_ERROR;
				CLANG_WARN_QUOTED_INCLUDE_IN_FRAMEWORK_HEADER = YES;
				CLANG_WARN_RANGE_LOOP_ANALYSIS = YES;
				CLANG_WARN_STRICT_PROTOTYPES = YES;
				CLANG_WARN_SUSPICIOUS_MOVE = YES;
				CLANG_WARN_UNGUARDED_AVAILABILITY = YES_AGGRESSIVE;
				CLANG_WARN_UNREACHABLE_CODE = YES;
				CLANG_WARN__DUPLICATE_METHOD_MATCH = YES;
				COPY_PHASE_STRIP = NO;
				DEBUG_INFORMATION_FORMAT = dwarf;
				ENABLE_STRICT_OBJC_MSGSEND = YES;
				ENABLE_TESTABILITY = YES;
				GCC_C_LANGUAGE_STANDARD = gnu11;
				GCC_DYNAMIC_NO_PIC = NO;
				GCC_NO_COMMON_BLOCKS = YES;
				GCC_OPTIMIZATION_LEVEL = 0;
				GCC_PREPROCESSOR_DEFINITIONS = (
					"DEBUG=1",
					"$(inherited)",
				);
				GCC_WARN_64_TO_32_BIT_CONVERSION = YES;
				GCC_WARN_ABOUT_RETURN_TYPE = YES_ERROR;
				GCC_WARN_UNDECLARED_SELECTOR = YES;
				GCC_WARN_UNINITIALIZED_AUTOS = YES_AGGRESSIVE;
				GCC_WARN_UNUSED_FUNCTION = YES;
				GCC_WARN_UNUSED_VARIABLE = YES;
				IPHONEOS_DEPLOYMENT_TARGET = 11.0;
				MTL_ENABLE_DEBUG_INFO = INCLUDE_SOURCE;
				MTL_FAST_MATH = YES;
				ONLY_ACTIVE_ARCH = YES;
				SDKROOT = iphoneos;
			};
			name = Debug;
		};
		1834B001292631EA0043631C /* Release */ = {
			isa = XCBuildConfiguration;
			buildSettings = {
				ALWAYS_SEARCH_USER_PATHS = NO;
				CLANG_ANALYZER_NONNULL = YES;
				CLANG_ANALYZER_NUMBER_OBJECT_CONVERSION = YES_AGGRESSIVE;
				CLANG_CXX_LANGUAGE_STANDARD = "gnu++20";
				CLANG_ENABLE_MODULES = YES;
				CLANG_ENABLE_OBJC_ARC = YES;
				CLANG_ENABLE_OBJC_WEAK = YES;
				CLANG_WARN_BLOCK_CAPTURE_AUTORELEASING = YES;
				CLANG_WARN_BOOL_CONVERSION = YES;
				CLANG_WARN_COMMA = YES;
				CLANG_WARN_CONSTANT_CONVERSION = YES;
				CLANG_WARN_DEPRECATED_OBJC_IMPLEMENTATIONS = YES;
				CLANG_WARN_DIRECT_OBJC_ISA_USAGE = YES_ERROR;
				CLANG_WARN_DOCUMENTATION_COMMENTS = YES;
				CLANG_WARN_EMPTY_BODY = YES;
				CLANG_WARN_ENUM_CONVERSION = YES;
				CLANG_WARN_INFINITE_RECURSION = YES;
				CLANG_WARN_INT_CONVERSION = YES;
				CLANG_WARN_NON_LITERAL_NULL_CONVERSION = YES;
				CLANG_WARN_OBJC_IMPLICIT_RETAIN_SELF = YES;
				CLANG_WARN_OBJC_LITERAL_CONVERSION = YES;
				CLANG_WARN_OBJC_ROOT_CLASS = YES_ERROR;
				CLANG_WARN_QUOTED_INCLUDE_IN_FRAMEWORK_HEADER = YES;
				CLANG_WARN_RANGE_LOOP_ANALYSIS = YES;
				CLANG_WARN_STRICT_PROTOTYPES = YES;
				CLANG_WARN_SUSPICIOUS_MOVE = YES;
				CLANG_WARN_UNGUARDED_AVAILABILITY = YES_AGGRESSIVE;
				CLANG_WARN_UNREACHABLE_CODE = YES;
				CLANG_WARN__DUPLICATE_METHOD_MATCH = YES;
				COPY_PHASE_STRIP = NO;
				DEBUG_INFORMATION_FORMAT = "dwarf-with-dsym";
				ENABLE_NS_ASSERTIONS = NO;
				ENABLE_STRICT_OBJC_MSGSEND = YES;
				GCC_C_LANGUAGE_STANDARD = gnu11;
				GCC_NO_COMMON_BLOCKS = YES;
				GCC_WARN_64_TO_32_BIT_CONVERSION = YES;
				GCC_WARN_ABOUT_RETURN_TYPE = YES_ERROR;
				GCC_WARN_UNDECLARED_SELECTOR = YES;
				GCC_WARN_UNINITIALIZED_AUTOS = YES_AGGRESSIVE;
				GCC_WARN_UNUSED_FUNCTION = YES;
				GCC_WARN_UNUSED_VARIABLE = YES;
				IPHONEOS_DEPLOYMENT_TARGET = 11.0;
				MTL_ENABLE_DEBUG_INFO = NO;
				MTL_FAST_MATH = YES;
				SDKROOT = iphoneos;
				VALIDATE_PRODUCT = YES;
			};
			name = Release;
		};
		1834B003292631EA0043631C /* Debug */ = {
			isa = XCBuildConfiguration;
			baseConfigurationReference = 1FC6BAD52A53885C7B3C8A4B /* Pods-TencentIMDemo.debug.xcconfig */;
			buildSettings = {
				ASSETCATALOG_COMPILER_APPICON_NAME = AppIcon;
				ASSETCATALOG_COMPILER_GLOBAL_ACCENT_COLOR_NAME = AccentColor;
				CODE_SIGN_ENTITLEMENTS = TencentIMDemo/TencentIMDemo.entitlements;
				CODE_SIGN_STYLE = Automatic;
				CURRENT_PROJECT_VERSION = 1;
				DEVELOPMENT_TEAM = M7JHU9MQ3L;
				GCC_INCREASE_PRECOMPILED_HEADER_SHARING = NO;
				GCC_PRECOMPILE_PREFIX_HEADER = NO;
				GCC_PREFIX_HEADER = "$(SRCROOT)/TencentIMDemo/TIMPrefixHeader.pch";
				GENERATE_INFOPLIST_FILE = YES;
				INFOPLIST_FILE = TencentIMDemo/Info.plist;
				INFOPLIST_KEY_UIApplicationSupportsIndirectInputEvents = YES;
				INFOPLIST_KEY_UILaunchStoryboardName = LaunchScreen;
				INFOPLIST_KEY_UISupportedInterfaceOrientations_iPad = "UIInterfaceOrientationPortrait UIInterfaceOrientationPortraitUpsideDown UIInterfaceOrientationLandscapeLeft UIInterfaceOrientationLandscapeRight";
				INFOPLIST_KEY_UISupportedInterfaceOrientations_iPhone = "UIInterfaceOrientationPortrait UIInterfaceOrientationLandscapeLeft UIInterfaceOrientationLandscapeRight";
				INFOPLIST_KEY_UIUserInterfaceStyle = Light;
				IPHONEOS_DEPLOYMENT_TARGET = 11.0;
				LD_RUNPATH_SEARCH_PATHS = (
					"$(inherited)",
					"@executable_path/Frameworks",
				);
				MARKETING_VERSION = 1.0;
				PRODUCT_BUNDLE_IDENTIFIER = com.yiche.onecar.onestore;
				PRODUCT_NAME = "$(TARGET_NAME)";
				SWIFT_EMIT_LOC_STRINGS = YES;
				TARGETED_DEVICE_FAMILY = "1,2";
			};
			name = Debug;
		};
		1834B004292631EA0043631C /* Release */ = {
			isa = XCBuildConfiguration;
			baseConfigurationReference = C7627AA7DFD7A2181149F6E5 /* Pods-TencentIMDemo.release.xcconfig */;
			buildSettings = {
				ASSETCATALOG_COMPILER_APPICON_NAME = AppIcon;
				ASSETCATALOG_COMPILER_GLOBAL_ACCENT_COLOR_NAME = AccentColor;
				CODE_SIGN_ENTITLEMENTS = TencentIMDemo/TencentIMDemo.entitlements;
				CODE_SIGN_STYLE = Automatic;
				CURRENT_PROJECT_VERSION = 1;
				DEVELOPMENT_TEAM = M7JHU9MQ3L;
				GCC_INCREASE_PRECOMPILED_HEADER_SHARING = NO;
				GCC_PRECOMPILE_PREFIX_HEADER = NO;
				GCC_PREFIX_HEADER = "$(SRCROOT)/TencentIMDemo/TIMPrefixHeader.pch";
				GENERATE_INFOPLIST_FILE = YES;
				INFOPLIST_FILE = TencentIMDemo/Info.plist;
				INFOPLIST_KEY_UIApplicationSupportsIndirectInputEvents = YES;
				INFOPLIST_KEY_UILaunchStoryboardName = LaunchScreen;
				INFOPLIST_KEY_UISupportedInterfaceOrientations_iPad = "UIInterfaceOrientationPortrait UIInterfaceOrientationPortraitUpsideDown UIInterfaceOrientationLandscapeLeft UIInterfaceOrientationLandscapeRight";
				INFOPLIST_KEY_UISupportedInterfaceOrientations_iPhone = "UIInterfaceOrientationPortrait UIInterfaceOrientationLandscapeLeft UIInterfaceOrientationLandscapeRight";
				INFOPLIST_KEY_UIUserInterfaceStyle = Light;
				IPHONEOS_DEPLOYMENT_TARGET = 11.0;
				LD_RUNPATH_SEARCH_PATHS = (
					"$(inherited)",
					"@executable_path/Frameworks",
				);
				MARKETING_VERSION = 1.0;
				PRODUCT_BUNDLE_IDENTIFIER = com.yiche.onecar.onestore;
				PRODUCT_NAME = "$(TARGET_NAME)";
				SWIFT_EMIT_LOC_STRINGS = YES;
				TARGETED_DEVICE_FAMILY = "1,2";
			};
			name = Release;
		};
		18AF616E292BA48700B9DF69 /* Debug */ = {
			isa = XCBuildConfiguration;
			buildSettings = {
				CODE_SIGN_STYLE = Automatic;
				CURRENT_PROJECT_VERSION = 1;
				DEVELOPMENT_TEAM = M7JHU9MQ3L;
				GENERATE_INFOPLIST_FILE = YES;
				INFOPLIST_FILE = PushService/Info.plist;
				INFOPLIST_KEY_CFBundleDisplayName = PushService;
				INFOPLIST_KEY_NSHumanReadableCopyright = "Copyright © 2022 sauronpi. All rights reserved.";
				IPHONEOS_DEPLOYMENT_TARGET = 16.0;
				LD_RUNPATH_SEARCH_PATHS = (
					"$(inherited)",
					"@executable_path/Frameworks",
					"@executable_path/../../Frameworks",
				);
				MARKETING_VERSION = 1.0;
				PRODUCT_BUNDLE_IDENTIFIER = com.yiche.onecar.onestore.pushservice;
				PRODUCT_NAME = "$(TARGET_NAME)";
				SKIP_INSTALL = YES;
				SWIFT_EMIT_LOC_STRINGS = YES;
				TARGETED_DEVICE_FAMILY = "1,2";
			};
			name = Debug;
		};
		18AF616F292BA48700B9DF69 /* Release */ = {
			isa = XCBuildConfiguration;
			buildSettings = {
				CODE_SIGN_STYLE = Automatic;
				CURRENT_PROJECT_VERSION = 1;
				DEVELOPMENT_TEAM = M7JHU9MQ3L;
				GENERATE_INFOPLIST_FILE = YES;
				INFOPLIST_FILE = PushService/Info.plist;
				INFOPLIST_KEY_CFBundleDisplayName = PushService;
				INFOPLIST_KEY_NSHumanReadableCopyright = "Copyright © 2022 sauronpi. All rights reserved.";
				IPHONEOS_DEPLOYMENT_TARGET = 16.0;
				LD_RUNPATH_SEARCH_PATHS = (
					"$(inherited)",
					"@executable_path/Frameworks",
					"@executable_path/../../Frameworks",
				);
				MARKETING_VERSION = 1.0;
				PRODUCT_BUNDLE_IDENTIFIER = com.yiche.onecar.onestore.pushservice;
				PRODUCT_NAME = "$(TARGET_NAME)";
				SKIP_INSTALL = YES;
				SWIFT_EMIT_LOC_STRINGS = YES;
				TARGETED_DEVICE_FAMILY = "1,2";
			};
			name = Release;
		};
/* End XCBuildConfiguration section */

/* Begin XCConfigurationList section */
		1834AFE4292631E80043631C /* Build configuration list for PBXProject "TencentIMDemo" */ = {
			isa = XCConfigurationList;
			buildConfigurations = (
				1834B000292631EA0043631C /* Debug */,
				1834B001292631EA0043631C /* Release */,
			);
			defaultConfigurationIsVisible = 0;
			defaultConfigurationName = Release;
		};
		1834B002292631EA0043631C /* Build configuration list for PBXNativeTarget "TencentIMDemo" */ = {
			isa = XCConfigurationList;
			buildConfigurations = (
				1834B003292631EA0043631C /* Debug */,
				1834B004292631EA0043631C /* Release */,
			);
			defaultConfigurationIsVisible = 0;
			defaultConfigurationName = Release;
		};
		18AF6170292BA48700B9DF69 /* Build configuration list for PBXNativeTarget "PushService" */ = {
			isa = XCConfigurationList;
			buildConfigurations = (
				18AF616E292BA48700B9DF69 /* Debug */,
				18AF616F292BA48700B9DF69 /* Release */,
			);
			defaultConfigurationIsVisible = 0;
			defaultConfigurationName = Release;
		};
/* End XCConfigurationList section */
	};
	rootObject = 1834AFE1292631E80043631C /* Project object */;
}
